# Generated by pub
# See https://dart.dev/tools/pub/glossary#lockfile
packages:
  android_intent_plus:
    dependency: transitive
    description:
      name: android_intent_plus
      sha256: "04cbc7c332a6f0bba88fed354de78813e9d24049c1800aaf10f449c7adc22603"
      url: "https://pub.dev"
    source: hosted
    version: "3.1.9"
  android_path_provider:
    dependency: "direct main"
    description:
      name: android_path_provider
      sha256: "398fb6f83476ba2c6b0930d997ca19376a242d3264c615d3f09ea77382fa09c3"
      url: "https://pub.dev"
    source: hosted
    version: "0.3.0"
  animations:
    dependency: "direct main"
    description:
      name: animations
      sha256: fe8a6bdca435f718bb1dc8a11661b2c22504c6da40ef934cee8327ed77934164
      url: "https://pub.dev"
    source: hosted
    version: "2.0.7"
  apk_installer:
    dependency: "direct main"
    description:
      path: "."
      ref: main
      resolved-ref: d16b3f2faa9d836c92598b1712ffcdccb755d8d6
      url: "https://github.com/SongTube/apk_installer.git"
    source: git
    version: "0.0.2"
  args:
    dependency: transitive
    description:
      name: args
      sha256: c372bb384f273f0c2a8aaaa226dad84dc27c8519a691b888725dec59518ad53a
      url: "https://pub.dev"
    source: hosted
    version: "2.4.1"
  async:
    dependency: transitive
    description:
      name: async
      sha256: "947bfcf187f74dbc5e146c9eb9c0f10c9f8b30743e341481c1e2ed3ecc18c20c"
      url: "https://pub.dev"
    source: hosted
    version: "2.11.0"
  audio_service:
    dependency: "direct main"
    description:
      name: audio_service
      sha256: "8b719ac7982fdea1a54a528f19e345907295489c53709ba4cdee65a2955c0f4d"
      url: "https://pub.dev"
    source: hosted
    version: "0.18.10"
  audio_service_platform_interface:
    dependency: transitive
    description:
      name: audio_service_platform_interface
      sha256: "2c3a1d52803931e836b9693547a71c0c3585ad54219d2214219ed5cfcc3c1af4"
      url: "https://pub.dev"
    source: hosted
    version: "0.1.0"
  audio_service_web:
    dependency: transitive
    description:
      name: audio_service_web
      sha256: "523e64ddc914c714d53eec2da85bba1074f08cf26c786d4efb322de510815ea7"
      url: "https://pub.dev"
    source: hosted
    version: "0.1.1"
  audio_session:
    dependency: transitive
    description:
      name: audio_session
      sha256: e4acc4e9eaa32436dfc5d7aed7f0a370f2d7bb27ee27de30d6c4f220c2a05c73
      url: "https://pub.dev"
    source: hosted
    version: "0.1.13"
  audio_tagger:
    dependency: "direct main"
    description:
      path: "."
      ref: main
      resolved-ref: "337e5353b6ca852e490916da0c6e0c1038604ac3"
      url: "https://github.com/SongTube/audio_tagger"
    source: git
    version: "0.0.1"
  auto_animated:
    dependency: "direct main"
    description:
      name: auto_animated
      sha256: e0688309ac014333564932ac0eb059b265674004603d0118b649416fdcd6ab20
      url: "https://pub.dev"
    source: hosted
    version: "3.1.0"
  avatar_glow:
    dependency: "direct main"
    description:
      name: avatar_glow
      sha256: "3627f6f97d1f10d3c1996ae108d3488eabaf68c0cf0c3eac7e7c746a3812881d"
      url: "https://pub.dev"
    source: hosted
    version: "2.0.2"
  boolean_selector:
    dependency: transitive
    description:
      name: boolean_selector
      sha256: "6cfb5af12253eaf2b368f07bacc5a80d1301a071c73360d746b7f2e32d762c66"
      url: "https://pub.dev"
    source: hosted
    version: "2.1.1"
  characters:
    dependency: transitive
    description:
      name: characters
      sha256: "04a925763edad70e8443c99234dc3328f442e811f1d8fd1a72f1c8ad0f69a605"
      url: "https://pub.dev"
    source: hosted
    version: "1.3.0"
  clock:
    dependency: transitive
    description:
      name: clock
      sha256: cb6d7f03e1de671e34607e909a7213e31d7752be4fb66a86d29fe1eb14bfb5cf
      url: "https://pub.dev"
    source: hosted
    version: "1.1.1"
  collection:
    dependency: transitive
    description:
      name: collection
      sha256: "4a07be6cb69c84d677a6c3096fcf960cc3285a8330b4603e0d463d15d9bd934c"
      url: "https://pub.dev"
    source: hosted
    version: "1.17.1"
  cross_file:
    dependency: transitive
    description:
      name: cross_file
      sha256: f71079978789bc2fe78d79227f1f8cfe195b31bbd8db2399b0d15a4b96fb843b
      url: "https://pub.dev"
    source: hosted
    version: "0.3.3+2"
  crypto:
    dependency: transitive
    description:
      name: crypto
      sha256: aa274aa7774f8964e4f4f38cc994db7b6158dd36e9187aaceaddc994b35c6c67
      url: "https://pub.dev"
    source: hosted
    version: "3.0.2"
  csslib:
    dependency: transitive
    description:
      name: csslib
      sha256: b36c7f7e24c0bdf1bf9a3da461c837d1de64b9f8beb190c9011d8c72a3dfd745
      url: "https://pub.dev"
    source: hosted
    version: "0.17.2"
  device_info_plus:
    dependency: "direct main"
    description:
      name: device_info_plus
      sha256: b809c4ed5f7fcdb325ccc70b80ad934677dc4e2aa414bf46859a42bfdfafcbb6
      url: "https://pub.dev"
    source: hosted
    version: "4.1.3"
  device_info_plus_linux:
    dependency: transitive
    description:
      name: device_info_plus_linux
      sha256: "77a8b3c4af06bc46507f89304d9f49dfc64b4ae004b994532ed23b34adeae4b3"
      url: "https://pub.dev"
    source: hosted
    version: "3.0.0"
  device_info_plus_macos:
    dependency: transitive
    description:
      name: device_info_plus_macos
      sha256: "37961762fbd46d3620c7b69ca606671014db55fc1b7a11e696fd90ed2e8fe03d"
      url: "https://pub.dev"
    source: hosted
    version: "3.0.0"
  device_info_plus_platform_interface:
    dependency: transitive
    description:
      name: device_info_plus_platform_interface
      sha256: "83fdba24fcf6846d3b10f10dfdc8b6c6d7ada5f8ed21d62ea2909c2dfa043773"
      url: "https://pub.dev"
    source: hosted
    version: "3.0.0"
  device_info_plus_web:
    dependency: transitive
    description:
      name: device_info_plus_web
      sha256: "5890f6094df108181c7a29720bc23d0fd6159f17d82787fac093d1fefcaf6325"
      url: "https://pub.dev"
    source: hosted
    version: "3.0.0"
  device_info_plus_windows:
    dependency: transitive
    description:
      name: device_info_plus_windows
      sha256: "23a2874af0e23ee6e3a2a0ebcecec3a9da13241f2cb93a93a44c8764df123dd7"
      url: "https://pub.dev"
    source: hosted
    version: "4.1.0"
  dynamic_color:
    dependency: "direct main"
    description:
      name: dynamic_color
      sha256: bbebb1b7ebed819e0ec83d4abdc2a8482d934f6a85289ffc1c6acf7589fa2aad
      url: "https://pub.dev"
    source: hosted
    version: "1.6.3"
  eva_icons_flutter:
    dependency: "direct main"
    description:
      name: eva_icons_flutter
      sha256: "6d48a10b93590ab83eb092bee5adacdeb14f3d83f527a4b9e4092c363d56e2a8"
      url: "https://pub.dev"
    source: hosted
    version: "3.1.0"
  external_video_player_launcher:
    dependency: "direct main"
    description:
      name: external_video_player_launcher
      sha256: ae7b1149430af25c6f0ec6c641b567db91030214eb23ec98a261b12e2610590c
      url: "https://pub.dev"
    source: hosted
    version: "0.0.3"
  fake_async:
    dependency: transitive
    description:
      name: fake_async
      sha256: "511392330127add0b769b75a987850d136345d9227c6b94c96a04cf4a391bf78"
      url: "https://pub.dev"
    source: hosted
    version: "1.3.1"
  ffi:
    dependency: transitive
    description:
      name: ffi
      sha256: a38574032c5f1dd06c4aee541789906c12ccaab8ba01446e800d9c5b79c4a978
      url: "https://pub.dev"
    source: hosted
    version: "2.0.1"
  file:
    dependency: transitive
    description:
      name: file
      sha256: "1b92bec4fc2a72f59a8e15af5f52cd441e4a7860b49499d69dfa817af20e925d"
      url: "https://pub.dev"
    source: hosted
    version: "6.1.4"
  file_picker:
    dependency: "direct main"
    description:
      name: file_picker
      sha256: d090ae03df98b0247b82e5928f44d1b959867049d18d73635e2e0bc3f49542b9
      url: "https://pub.dev"
    source: hosted
    version: "5.2.5"
  flutter:
    dependency: "direct main"
    description: flutter
    source: sdk
    version: "0.0.0"
  flutter_audio_query:
    dependency: "direct main"
    description:
      path: "."
      ref: master
      resolved-ref: "9cd3ce1ba71d3cdaf455ea0a1d6fa70ef29fba7a"
      url: "https://github.com/harshmandan/flutter_audio_query"
    source: git
    version: "0.3.5+6"
  flutter_bounce:
    dependency: "direct main"
    description:
      name: flutter_bounce
      sha256: "445fb27c936a19ed053bd159dd8ba0f9857eebed553e34f3322734d33adb5539"
      url: "https://pub.dev"
    source: hosted
    version: "1.1.0"
  flutter_cache_manager:
    dependency: transitive
    description:
      name: flutter_cache_manager
      sha256: "32cd900555219333326a2d0653aaaf8671264c29befa65bbd9856d204a4c9fb3"
      url: "https://pub.dev"
    source: hosted
    version: "3.3.0"
  flutter_ffmpeg:
    dependency: "direct main"
    description:
      path: "."
      ref: master
      resolved-ref: b92106558dc5bc8e44ce4b21a5b540acf95df8d8
      url: "https://github.com/SongTube/flutter-ffmpeg"
    source: git
    version: "0.3.1"
  flutter_keyboard_visibility:
    dependency: "direct main"
    description:
      name: flutter_keyboard_visibility
      sha256: "86b71bbaffa38e885f5c21b1182408b9be6951fd125432cf6652c636254cef2d"
      url: "https://pub.dev"
    source: hosted
    version: "5.4.0"
  flutter_keyboard_visibility_linux:
    dependency: transitive
    description:
      name: flutter_keyboard_visibility_linux
      sha256: "6fba7cd9bb033b6ddd8c2beb4c99ad02d728f1e6e6d9b9446667398b2ac39f08"
      url: "https://pub.dev"
    source: hosted
    version: "1.0.0"
  flutter_keyboard_visibility_macos:
    dependency: transitive
    description:
      name: flutter_keyboard_visibility_macos
      sha256: c5c49b16fff453dfdafdc16f26bdd8fb8d55812a1d50b0ce25fc8d9f2e53d086
      url: "https://pub.dev"
    source: hosted
    version: "1.0.0"
  flutter_keyboard_visibility_platform_interface:
    dependency: transitive
    description:
      name: flutter_keyboard_visibility_platform_interface
      sha256: e43a89845873f7be10cb3884345ceb9aebf00a659f479d1c8f4293fcb37022a4
      url: "https://pub.dev"
    source: hosted
    version: "2.0.0"
  flutter_keyboard_visibility_web:
    dependency: transitive
    description:
      name: flutter_keyboard_visibility_web
      sha256: d3771a2e752880c79203f8d80658401d0c998e4183edca05a149f5098ce6e3d1
      url: "https://pub.dev"
    source: hosted
    version: "2.0.0"
  flutter_keyboard_visibility_windows:
    dependency: transitive
    description:
      name: flutter_keyboard_visibility_windows
      sha256: fc4b0f0b6be9b93ae527f3d527fb56ee2d918cd88bbca438c478af7bcfd0ef73
      url: "https://pub.dev"
    source: hosted
    version: "1.0.0"
  flutter_lints:
    dependency: "direct dev"
    description:
      name: flutter_lints
      sha256: aeb0b80a8b3709709c9cc496cdc027c5b3216796bc0af0ce1007eaf24464fd4c
      url: "https://pub.dev"
    source: hosted
    version: "2.0.1"
  flutter_localizations:
    dependency: "direct main"
    description: flutter
    source: sdk
    version: "0.0.0"
  flutter_markdown:
    dependency: "direct main"
    description:
      name: flutter_markdown
      sha256: "7b25c10de1fea883f3c4f9b8389506b54053cd00807beab69fd65c8653a2711f"
      url: "https://pub.dev"
    source: hosted
    version: "0.6.14"
  flutter_pip:
    dependency: "direct main"
    description:
      path: "."
      ref: main
      resolved-ref: "713c6c552dfba3638a3f3bacdc158d453c671222"
      url: "https://github.com/SongTube/flutter_pip"
    source: git
    version: "0.0.2"
  flutter_plugin_android_lifecycle:
    dependency: transitive
    description:
      name: flutter_plugin_android_lifecycle
      sha256: "60fc7b78455b94e6de2333d2f95196d32cf5c22f4b0b0520a628804cb463503b"
      url: "https://pub.dev"
    source: hosted
    version: "2.0.7"
  flutter_reorderable_list:
    dependency: "direct main"
    description:
      name: flutter_reorderable_list
      sha256: "0400ef34fa00b7cac69f71efc92d7e49727f425bc1080180ebe70bf47618afe0"
      url: "https://pub.dev"
    source: hosted
    version: "1.3.1"
  flutter_share:
    dependency: "direct main"
    description:
      name: flutter_share
      sha256: ae12c1cea13b35926a109824ffac601531e40cb94ad53eeae58625eceb3eaaaa
      url: "https://pub.dev"
    source: hosted
    version: "2.0.0"
  flutter_test:
    dependency: "direct dev"
    description: flutter
    source: sdk
    version: "0.0.0"
  flutter_web_plugins:
    dependency: transitive
    description: flutter
    source: sdk
    version: "0.0.0"
  flutter_widget_from_html_core:
    dependency: "direct main"
    description:
      name: flutter_widget_from_html_core
      sha256: "2ee1f47662f5ba34fe535915b034fae0450bc0a15ae6935ca4abcc7fa987e948"
      url: "https://pub.dev"
    source: hosted
    version: "0.10.0"
  font_awesome_flutter:
    dependency: "direct main"
    description:
      name: font_awesome_flutter
      sha256: "875dbb9ec1ad30d68102019ceb682760d06c72747c1c5b7885781b95f88569cc"
      url: "https://pub.dev"
    source: hosted
    version: "10.3.0"
  fwfh_text_style:
    dependency: transitive
    description:
      name: fwfh_text_style
      sha256: "37806ee0222f79b6e8d4c698c322c897eae6a817258156f40aeece4e588fac60"
      url: "https://pub.dev"
    source: hosted
    version: "2.22.08+1"
  google_fonts:
    dependency: "direct main"
    description:
      name: google_fonts
      sha256: e20ff62b158b96f392bfc8afe29dee1503c94fbea2cbe8186fd59b756b8ae982
      url: "https://pub.dev"
    source: hosted
    version: "5.1.0"
  grouped_list:
    dependency: "direct main"
    description:
      name: grouped_list
      sha256: fef106470186081c32636aa055492eee7fc7fe8bf0921a48d31ded24821af19f
      url: "https://pub.dev"
    source: hosted
    version: "5.1.2"
  html:
    dependency: transitive
    description:
      name: html
      sha256: d9793e10dbe0e6c364f4c59bf3e01fb33a9b2a674bc7a1081693dba0614b6269
      url: "https://pub.dev"
    source: hosted
    version: "0.15.1"
  http:
    dependency: "direct main"
    description:
      name: http
      sha256: "759d1a329847dd0f39226c688d3e06a6b8679668e350e2891a6474f8b4bb8525"
      url: "https://pub.dev"
    source: hosted
    version: "1.1.0"
  http_parser:
    dependency: transitive
    description:
      name: http_parser
      sha256: "2aa08ce0341cc9b354a498388e30986515406668dbcc4f7c950c3e715496693b"
      url: "https://pub.dev"
    source: hosted
    version: "4.0.2"
  iconsax:
    dependency: "direct main"
    description:
      name: iconsax
      sha256: fb0144c61f41f3f8a385fadc27783ea9f5359670be885ed7f35cef32565d5228
      url: "https://pub.dev"
    source: hosted
    version: "0.0.8"
  image_fade:
    dependency: "direct main"
    description:
      path: "."
      ref: master
      resolved-ref: "0aab982ae3739e00b09a8266dc03339ed0fb18d6"
      url: "https://github.com/SongTube/image_fade.git"
    source: git
    version: "0.2.2"
  intl:
    dependency: "direct main"
    description:
      name: intl
      sha256: a3715e3bc90294e971cb7dc063fbf3cd9ee0ebf8604ffeafabd9e6f16abbdbe6
      url: "https://pub.dev"
    source: hosted
    version: "0.18.0"
  ionicons:
    dependency: "direct main"
    description:
      name: ionicons
      sha256: "3bde1d7899364cd74a7852d0335a46fc35f1611c71b2984971e500b0b806a60f"
      url: "https://pub.dev"
    source: hosted
    version: "0.2.1"
  js:
    dependency: transitive
    description:
      name: js
      sha256: f2c445dce49627136094980615a031419f7f3eb393237e4ecd97ac15dea343f3
      url: "https://pub.dev"
    source: hosted
    version: "0.6.7"
  just_audio:
    dependency: "direct main"
    description:
      name: just_audio
      sha256: "7a5057a4d05c8f88ee968cec6fdfe1015577d5184e591d5ac15ab16d8f5ecb17"
      url: "https://pub.dev"
    source: hosted
    version: "0.9.31"
  just_audio_platform_interface:
    dependency: transitive
    description:
      name: just_audio_platform_interface
      sha256: eff112d5138bea3ba544b6338b1e0537a32b5e1425e4d0dc38f732771cda7c84
      url: "https://pub.dev"
    source: hosted
    version: "4.2.0"
  just_audio_web:
    dependency: transitive
    description:
      name: just_audio_web
      sha256: "89d8db6f19f3821bb6bf908c4bfb846079afb2ab575b783d781a6bf119e3abaf"
      url: "https://pub.dev"
    source: hosted
    version: "0.4.7"
  line_icons:
    dependency: "direct main"
    description:
      name: line_icons
      sha256: "609ce366e38fb046199b7b8f627a703ca4e07018216f4e60d2d7027e7f666b71"
      url: "https://pub.dev"
    source: hosted
    version: "2.0.1"
  lints:
    dependency: transitive
    description:
      name: lints
      sha256: "5e4a9cd06d447758280a8ac2405101e0e2094d2a1dbdd3756aec3fe7775ba593"
      url: "https://pub.dev"
    source: hosted
    version: "2.0.1"
  markdown:
    dependency: transitive
    description:
      name: markdown
      sha256: "8e332924094383133cee218b676871f42db2514f1f6ac617b6cf6152a7faab8e"
      url: "https://pub.dev"
    source: hosted
    version: "7.1.0"
  matcher:
    dependency: transitive
    description:
      name: matcher
      sha256: "6501fbd55da300384b768785b83e5ce66991266cec21af89ab9ae7f5ce1c4cbb"
      url: "https://pub.dev"
    source: hosted
    version: "0.12.15"
  material_color_utilities:
    dependency: transitive
    description:
      name: material_color_utilities
      sha256: d92141dc6fe1dad30722f9aa826c7fbc896d021d792f80678280601aff8cf724
      url: "https://pub.dev"
    source: hosted
    version: "0.2.0"
  material_design_icons_flutter:
    dependency: "direct main"
    description:
      name: material_design_icons_flutter
      sha256: "8c54c21cf336052193559abc64715e4885d6c9220a6dbdfc561a087266cc5385"
      url: "https://pub.dev"
    source: hosted
    version: "5.0.6996"
  meta:
    dependency: transitive
    description:
      name: meta
      sha256: "3c74dbf8763d36539f114c799d8a2d87343b5067e9d796ca22b5eb8437090ee3"
      url: "https://pub.dev"
    source: hosted
    version: "1.9.1"
  mime:
    dependency: transitive
    description:
      name: mime
      sha256: e4ff8e8564c03f255408decd16e7899da1733852a9110a58fe6d1b817684a63e
      url: "https://pub.dev"
    source: hosted
    version: "1.0.4"
  nested:
    dependency: transitive
    description:
      name: nested
      sha256: "03bac4c528c64c95c722ec99280375a6f2fc708eec17c7b3f07253b626cd2a20"
      url: "https://pub.dev"
    source: hosted
    version: "1.0.0"
  newpipeextractor_dart:
    dependency: "direct main"
    description:
      path: "."
      ref: master
      resolved-ref: "953603a97faae61f96356ad7a3f766fbfe6ae007"
      url: "https://github.com/SongTube/NewPipeExtractor_Dart"
    source: git
    version: "0.0.1"
  package_info_plus:
    dependency: "direct main"
    description:
      name: package_info_plus
      sha256: ceb027f6bc6a60674a233b4a90a7658af1aebdea833da0b5b53c1e9821a78c7b
      url: "https://pub.dev"
    source: hosted
    version: "4.0.2"
  package_info_plus_platform_interface:
    dependency: transitive
    description:
      name: package_info_plus_platform_interface
      sha256: "9bc8ba46813a4cc42c66ab781470711781940780fd8beddd0c3da62506d3a6c6"
      url: "https://pub.dev"
    source: hosted
    version: "2.0.1"
  palette_generator:
    dependency: "direct main"
    description:
      name: palette_generator
      sha256: "0e3cd6974e10b1434dcf4cf779efddb80e2696585e273a2dbede6af52f94568d"
      url: "https://pub.dev"
    source: hosted
    version: "0.3.3+2"
  parallax_sensors_bg:
    dependency: "direct main"
    description:
      name: parallax_sensors_bg
      sha256: "5c3d725bc0ccdc41b5595bf120b10695da9767bd60363024531a9233787704ec"
      url: "https://pub.dev"
    source: hosted
    version: "1.0.1"
  particles_flutter:
    dependency: "direct main"
    description:
      name: particles_flutter
      sha256: "920b4e2df3281108db546bffb8672a5c18e649c6e90d257409bcc8efb1e846dc"
      url: "https://pub.dev"
    source: hosted
    version: "0.1.4"
  path:
    dependency: transitive
    description:
      name: path
      sha256: "8829d8a55c13fc0e37127c29fedf290c102f4e40ae94ada574091fe0ff96c917"
      url: "https://pub.dev"
    source: hosted
    version: "1.8.3"
  path_provider:
    dependency: "direct main"
    description:
      name: path_provider
      sha256: "050e8e85e4b7fecdf2bb3682c1c64c4887a183720c802d323de8a5fd76d372dd"
      url: "https://pub.dev"
    source: hosted
    version: "2.0.11"
  path_provider_android:
    dependency: transitive
    description:
      name: path_provider_android
      sha256: a776c088d671b27f6e3aa8881d64b87b3e80201c64e8869b811325de7a76c15e
      url: "https://pub.dev"
    source: hosted
    version: "2.0.22"
  path_provider_ios:
    dependency: transitive
    description:
      name: path_provider_ios
      sha256: "03d639406f5343478352433f00d3c4394d52dac8df3d847869c5e2333e0bbce8"
      url: "https://pub.dev"
    source: hosted
    version: "2.0.11"
  path_provider_linux:
    dependency: transitive
    description:
      name: path_provider_linux
      sha256: ab0987bf95bc591da42dffb38c77398fc43309f0b9b894dcc5d6f40c4b26c379
      url: "https://pub.dev"
    source: hosted
    version: "2.1.7"
  path_provider_macos:
    dependency: transitive
    description:
      name: path_provider_macos
      sha256: cd57cb98a30ce9d12fdd1896d9d3b0517ce689f942de6ccd2708cd39b3d18a7c
      url: "https://pub.dev"
    source: hosted
    version: "2.0.7"
  path_provider_platform_interface:
    dependency: transitive
    description:
      name: path_provider_platform_interface
      sha256: f0abc8ebd7253741f05488b4813d936b4d07c6bae3e86148a09e342ee4b08e76
      url: "https://pub.dev"
    source: hosted
    version: "2.0.5"
  path_provider_windows:
    dependency: transitive
    description:
      name: path_provider_windows
      sha256: bcabbe399d4042b8ee687e17548d5d3f527255253b4a639f5f8d2094a9c2b45c
      url: "https://pub.dev"
    source: hosted
    version: "2.1.3"
  pedantic:
    dependency: transitive
    description:
      name: pedantic
      sha256: "67fc27ed9639506c856c840ccce7594d0bdcd91bc8d53d6e52359449a1d50602"
      url: "https://pub.dev"
    source: hosted
    version: "1.11.1"
  permission_handler:
    dependency: "direct main"
    description:
      name: permission_handler
      sha256: "33c6a1253d1f95fd06fa74b65b7ba907ae9811f9d5c1d3150e51417d04b8d6a8"
      url: "https://pub.dev"
    source: hosted
    version: "10.2.0"
  permission_handler_android:
    dependency: transitive
    description:
      name: permission_handler_android
      sha256: "8028362b40c4a45298f1cbfccd227c8dd6caf0e27088a69f2ba2ab15464159e2"
      url: "https://pub.dev"
    source: hosted
    version: "10.2.0"
  permission_handler_apple:
    dependency: transitive
    description:
      name: permission_handler_apple
      sha256: "9c370ef6a18b1c4b2f7f35944d644a56aa23576f23abee654cf73968de93f163"
      url: "https://pub.dev"
    source: hosted
    version: "9.0.7"
  permission_handler_platform_interface:
    dependency: transitive
    description:
      name: permission_handler_platform_interface
      sha256: "68abbc472002b5e6dfce47fe9898c6b7d8328d58b5d2524f75e277c07a97eb84"
      url: "https://pub.dev"
    source: hosted
    version: "3.9.0"
  permission_handler_windows:
    dependency: transitive
    description:
      name: permission_handler_windows
      sha256: f67cab14b4328574938ecea2db3475dad7af7ead6afab6338772c5f88963e38b
      url: "https://pub.dev"
    source: hosted
    version: "0.1.2"
  pick_or_save:
    dependency: "direct main"
    description:
      name: pick_or_save
      sha256: "5e562e714e8486000b1144e580dfbd6db888a0b4dd02bf4c28501b244dd22fd3"
      url: "https://pub.dev"
    source: hosted
    version: "2.2.4"
  platform:
    dependency: transitive
    description:
      name: platform
      sha256: "4a451831508d7d6ca779f7ac6e212b4023dd5a7d08a27a63da33756410e32b76"
      url: "https://pub.dev"
    source: hosted
    version: "3.1.0"
  plugin_platform_interface:
    dependency: transitive
    description:
      name: plugin_platform_interface
      sha256: dbf0f707c78beedc9200146ad3cb0ab4d5da13c246336987be6940f026500d3a
      url: "https://pub.dev"
    source: hosted
    version: "2.1.3"
  process:
    dependency: transitive
    description:
      name: process
      sha256: "53fd8db9cec1d37b0574e12f07520d582019cb6c44abf5479a01505099a34a09"
      url: "https://pub.dev"
    source: hosted
    version: "4.2.4"
  provider:
    dependency: "direct main"
    description:
      name: provider
      sha256: cdbe7530b12ecd9eb455bdaa2fcb8d4dad22e80b8afb4798b41479d5ce26847f
      url: "https://pub.dev"
    source: hosted
    version: "6.0.5"
  receive_intent:
    dependency: "direct main"
    description:
      name: receive_intent
      sha256: "8e337eb3c021ba177cce615fda1f9353d733144f7b482c269a5c9c948ae595d9"
      url: "https://pub.dev"
    source: hosted
    version: "0.2.3"
  roundcheckbox:
    dependency: "direct main"
    description:
      name: roundcheckbox
      sha256: "5d6f607ed9d26fde0072af2545f56d84a6b6d2a45972b0c41f90c2d73224f339"
      url: "https://pub.dev"
    source: hosted
    version: "2.0.5"
  rxdart:
    dependency: "direct main"
    description:
      name: rxdart
      sha256: "0c7c0cedd93788d996e33041ffecda924cc54389199cde4e6a34b440f50044cb"
      url: "https://pub.dev"
    source: hosted
    version: "0.27.7"
  screen_brightness:
    dependency: "direct main"
    description:
      name: screen_brightness
      sha256: "62fd61a64e68b32b98b840bad7d8b6822bbc40e63c2b569a5f85528484c86b41"
      url: "https://pub.dev"
    source: hosted
    version: "0.2.2"
  screen_brightness_android:
    dependency: transitive
    description:
      name: screen_brightness_android
      sha256: "4e4ba0c44b5c24be20030733ada0c844aa0e8f1963f5d7cd72f5b2fe54a61495"
      url: "https://pub.dev"
    source: hosted
    version: "0.1.0"
  screen_brightness_ios:
    dependency: transitive
    description:
      name: screen_brightness_ios
      sha256: "99adc3ca5490b8294284aad5fcc87f061ad685050e03cf45d3d018fe398fd9a2"
      url: "https://pub.dev"
    source: hosted
    version: "0.1.0"
  screen_brightness_macos:
    dependency: transitive
    description:
      name: screen_brightness_macos
      sha256: "64b34e7e3f4900d7687c8e8fb514246845a73ecec05ab53483ed025bd4a899fd"
      url: "https://pub.dev"
    source: hosted
    version: "0.1.0+1"
  screen_brightness_platform_interface:
    dependency: transitive
    description:
      name: screen_brightness_platform_interface
      sha256: b211d07f0c96637a15fb06f6168617e18030d5d74ad03795dd8547a52717c171
      url: "https://pub.dev"
    source: hosted
    version: "0.1.0"
  screen_brightness_windows:
    dependency: transitive
    description:
      name: screen_brightness_windows
      sha256: "80d90ecdc63fc0823f2ecb1be323471619287937e14210650d7b25ca181abd05"
      url: "https://pub.dev"
    source: hosted
    version: "0.1.1"
  sensors_plus:
    dependency: transitive
    description:
      name: sensors_plus
      sha256: "3ec8b74d73d72a54baa328beb6fa33df80963f3e5491fc6e714b98b935b65dd9"
      url: "https://pub.dev"
    source: hosted
    version: "2.0.5"
  sensors_plus_platform_interface:
    dependency: transitive
    description:
      name: sensors_plus_platform_interface
      sha256: "95f0cc08791b8bf0c41c5fa99c84be2a7d5bf60a811ddc17e1438b1e68caf0d3"
      url: "https://pub.dev"
    source: hosted
    version: "1.1.3"
  share_plus:
    dependency: "direct main"
    description:
      name: share_plus
      sha256: f582d5741930f3ad1bf0211d358eddc0508cc346e5b4b248bd1e569c995ebb7a
      url: "https://pub.dev"
    source: hosted
    version: "4.5.3"
  share_plus_linux:
    dependency: transitive
    description:
      name: share_plus_linux
      sha256: dc32bf9f1151b9864bb86a997c61a487967a08f2e0b4feaa9a10538712224da4
      url: "https://pub.dev"
    source: hosted
    version: "3.0.1"
  share_plus_macos:
    dependency: transitive
    description:
      name: share_plus_macos
      sha256: "44daa946f2845045ecd7abb3569b61cd9a55ae9cc4cbec9895b2067b270697ae"
      url: "https://pub.dev"
    source: hosted
    version: "3.0.1"
  share_plus_platform_interface:
    dependency: transitive
    description:
      name: share_plus_platform_interface
      sha256: "82ddd4ab9260c295e6e39612d4ff00390b9a7a21f1bb1da771e2f232d80ab8a1"
      url: "https://pub.dev"
    source: hosted
    version: "3.2.0"
  share_plus_web:
    dependency: transitive
    description:
      name: share_plus_web
      sha256: eaef05fa8548b372253e772837dd1fbe4ce3aca30ea330765c945d7d4f7c9935
      url: "https://pub.dev"
    source: hosted
    version: "3.1.0"
  share_plus_windows:
    dependency: transitive
    description:
      name: share_plus_windows
      sha256: "3a21515ae7d46988d42130cd53294849e280a5de6ace24bae6912a1bffd757d4"
      url: "https://pub.dev"
    source: hosted
    version: "3.0.1"
  shared_preferences:
    dependency: "direct main"
    description:
      name: shared_preferences
      sha256: "95688ad7fc320f8566f28e2ee91b6743c10b433ccc262f6469f3007f2aa62e78"
      url: "https://pub.dev"
    source: hosted
    version: "2.0.16"
  shared_preferences_android:
    dependency: transitive
    description:
      name: shared_preferences_android
      sha256: "8e251f3c986002b65fed6396bce81f379fb63c27317d49743cf289fd0fd1ab97"
      url: "https://pub.dev"
    source: hosted
    version: "2.0.14"
  shared_preferences_foundation:
    dependency: transitive
    description:
      name: shared_preferences_foundation
      sha256: f451880807c86a6d4591642c8250ee17197cabef8536f072d3c44013dca44e04
      url: "https://pub.dev"
    source: hosted
    version: "2.1.1"
  shared_preferences_linux:
    dependency: transitive
    description:
      name: shared_preferences_linux
      sha256: fbc3cd6826896b66a5f576b025e4f344f780c84ea7f8203097a353370607a2c8
      url: "https://pub.dev"
    source: hosted
    version: "2.1.2"
  shared_preferences_platform_interface:
    dependency: transitive
    description:
      name: shared_preferences_platform_interface
      sha256: da9431745ede5ece47bc26d5d73a9d3c6936ef6945c101a5aca46f62e52c1cf3
      url: "https://pub.dev"
    source: hosted
    version: "2.1.0"
  shared_preferences_web:
    dependency: transitive
    description:
      name: shared_preferences_web
      sha256: a4b5bc37fe1b368bbc81f953197d55e12f49d0296e7e412dfe2d2d77d6929958
      url: "https://pub.dev"
    source: hosted
    version: "2.0.4"
  shared_preferences_windows:
    dependency: transitive
    description:
      name: shared_preferences_windows
      sha256: "07c274c2115d4d5e4280622abb09f0980e2c5b1fcdc98ae9f59a3bad5bfc1f26"
      url: "https://pub.dev"
    source: hosted
    version: "2.1.2"
  sky_engine:
    dependency: transitive
    description: flutter
    source: sdk
    version: "0.0.99"
  source_span:
    dependency: transitive
    description:
      name: source_span
      sha256: dd904f795d4b4f3b870833847c461801f6750a9fa8e61ea5ac53f9422b31f250
      url: "https://pub.dev"
    source: hosted
    version: "1.9.1"
  sqflite:
    dependency: transitive
    description:
      name: sqflite
      sha256: "067ab48dbc66bae05e18073a604443baa35957101bd3905b94f65e764c6d0688"
      url: "https://pub.dev"
    source: hosted
    version: "2.2.3"
  sqflite_common:
    dependency: transitive
    description:
      name: sqflite_common
      sha256: b2ed22d1d62c944ec0dac5cc687ae99cb3331c3ebe146d726ed24704634b5ccd
      url: "https://pub.dev"
    source: hosted
    version: "2.4.1"
  stack_trace:
    dependency: transitive
    description:
      name: stack_trace
      sha256: c3c7d8edb15bee7f0f74debd4b9c5f3c2ea86766fe4178eb2a18eb30a0bdaed5
      url: "https://pub.dev"
    source: hosted
    version: "1.11.0"
  stream_channel:
    dependency: transitive
    description:
      name: stream_channel
      sha256: "83615bee9045c1d322bbbd1ba209b7a749c2cbcdcb3fdd1df8eb488b3279c1c8"
      url: "https://pub.dev"
    source: hosted
    version: "2.1.1"
  string_scanner:
    dependency: transitive
    description:
      name: string_scanner
      sha256: "556692adab6cfa87322a115640c11f13cb77b3f076ddcc5d6ae3c20242bedcde"
      url: "https://pub.dev"
    source: hosted
    version: "1.2.0"
  synchronized:
    dependency: transitive
    description:
      name: synchronized
      sha256: "33b31b6beb98100bf9add464a36a8dd03eb10c7a8cf15aeec535e9b054aaf04b"
      url: "https://pub.dev"
    source: hosted
    version: "3.0.1"
  term_glyph:
    dependency: transitive
    description:
      name: term_glyph
      sha256: a29248a84fbb7c79282b40b8c72a1209db169a2e0542bce341da992fe1bc7e84
      url: "https://pub.dev"
    source: hosted
    version: "1.2.1"
  test_api:
    dependency: transitive
    description:
      name: test_api
      sha256: eb6ac1540b26de412b3403a163d919ba86f6a973fe6cc50ae3541b80092fdcfb
      url: "https://pub.dev"
    source: hosted
    version: "0.5.1"
  timeago:
    dependency: "direct main"
    description:
      name: timeago
      sha256: "4addcda362e51f23cf7ae2357fccd053f29d59b4ddd17fb07fc3e7febb47a456"
      url: "https://pub.dev"
    source: hosted
    version: "3.5.0"
  transparent_image:
    dependency: "direct main"
    description:
      name: transparent_image
      sha256: e566a616922a781489f4d91cc939b1b3203b6e4a093317805f2f82f0bb0f8dec
      url: "https://pub.dev"
    source: hosted
    version: "2.0.0"
  typed_data:
    dependency: transitive
    description:
      name: typed_data
      sha256: "26f87ade979c47a150c9eaab93ccd2bebe70a27dc0b4b29517f2904f04eb11a5"
      url: "https://pub.dev"
    source: hosted
    version: "1.3.1"
  url_launcher:
    dependency: "direct main"
    description:
      name: url_launcher
      sha256: "3c92b0efb5e9dcb8f846aefabf9f0f739f91682ed486b991ceda51c288e60896"
      url: "https://pub.dev"
    source: hosted
    version: "6.1.7"
  url_launcher_android:
    dependency: transitive
    description:
      name: url_launcher_android
      sha256: "6f91d30ce9060c204b2dbe728adb300750fa4b228e8f7ed1b961aa1ceb728799"
      url: "https://pub.dev"
    source: hosted
    version: "6.0.22"
  url_launcher_ios:
    dependency: transitive
    description:
      name: url_launcher_ios
      sha256: "6ba7dddee26c9fae27c9203c424631109d73c8fa26cfa7bc3e35e751cb87f62e"
      url: "https://pub.dev"
    source: hosted
    version: "6.0.17"
  url_launcher_linux:
    dependency: transitive
    description:
      name: url_launcher_linux
      sha256: "360fa359ab06bcb4f7c5cd3123a2a9a4d3364d4575d27c4b33468bd4497dd094"
      url: "https://pub.dev"
    source: hosted
    version: "3.0.1"
  url_launcher_macos:
    dependency: transitive
    description:
      name: url_launcher_macos
      sha256: a9b3ea9043eabfaadfa3fb89de67a11210d85569086d22b3854484beab8b3978
      url: "https://pub.dev"
    source: hosted
    version: "3.0.1"
  url_launcher_platform_interface:
    dependency: transitive
    description:
      name: url_launcher_platform_interface
      sha256: "4eae912628763eb48fc214522e58e942fd16ce195407dbf45638239523c759a6"
      url: "https://pub.dev"
    source: hosted
    version: "2.1.1"
  url_launcher_web:
    dependency: transitive
    description:
      name: url_launcher_web
      sha256: "5669882643b96bb6d5786637cac727c6e918a790053b09245fd4513b8a07df2a"
      url: "https://pub.dev"
    source: hosted
    version: "2.0.13"
  url_launcher_windows:
    dependency: transitive
    description:
      name: url_launcher_windows
      sha256: e3c3b16d3104260c10eea3b0e34272aaa57921f83148b0619f74c2eced9b7ef1
      url: "https://pub.dev"
    source: hosted
    version: "3.0.1"
  uuid:
    dependency: "direct main"
    description:
      name: uuid
      sha256: "648e103079f7c64a36dc7d39369cabb358d377078a051d6ae2ad3aa539519313"
      url: "https://pub.dev"
    source: hosted
    version: "3.0.7"
  validators:
    dependency: "direct main"
    description:
      name: validators
      sha256: "884515951f831a9c669a41ed6c4d3c61c2a0e8ec6bca761a4480b28e99cecf5d"
      url: "https://pub.dev"
    source: hosted
    version: "3.0.0"
  vector_math:
    dependency: transitive
    description:
      name: vector_math
      sha256: "80b3257d1492ce4d091729e3a67a60407d227c27241d6927be0130c98e741803"
      url: "https://pub.dev"
    source: hosted
    version: "2.1.4"
  video_player:
    dependency: "direct main"
    description:
      path: "."
      ref: master
      resolved-ref: de1b07bbf14dbe9f3486822642b7f41a73517995
      url: "https://github.com/SongTube/video_player"
    source: git
    version: "2.2.5"
  video_player_platform_interface:
    dependency: transitive
    description:
      name: video_player_platform_interface
      sha256: a8c4dcae2a7a6e7cc1d7f9808294d968eca1993af34a98e95b9bdfa959bec684
      url: "https://pub.dev"
    source: hosted
    version: "6.1.0"
  video_player_web:
    dependency: transitive
    description:
      name: video_player_web
      sha256: fb3bbeaf0302cb0c31340ebd6075487939aa1fe3b379d1a8784ef852b679940e
      url: "https://pub.dev"
    source: hosted
    version: "2.0.15"
  visibility_detector:
    dependency: transitive
    description:
      name: visibility_detector
      sha256: "15c54a459ec2c17b4705450483f3d5a2858e733aee893dcee9d75fd04814940d"
      url: "https://pub.dev"
    source: hosted
    version: "0.3.3"
  volume_controller:
    dependency: "direct main"
    description:
      name: volume_controller
      sha256: "3bcaadd0e3298286c4ef3b758a3ea44fc98a9abe24d0e7ef087bfab72a4b6924"
      url: "https://pub.dev"
    source: hosted
    version: "2.0.6"
  wakelock:
    dependency: "direct main"
    description:
      name: wakelock
      sha256: "769ecf42eb2d07128407b50cb93d7c10bd2ee48f0276ef0119db1d25cc2f87db"
      url: "https://pub.dev"
    source: hosted
    version: "0.6.2"
  wakelock_macos:
    dependency: transitive
    description:
      name: wakelock_macos
      sha256: "047c6be2f88cb6b76d02553bca5a3a3b95323b15d30867eca53a19a0a319d4cd"
      url: "https://pub.dev"
    source: hosted
    version: "0.4.0"
  wakelock_platform_interface:
    dependency: transitive
    description:
      name: wakelock_platform_interface
      sha256: "1f4aeb81fb592b863da83d2d0f7b8196067451e4df91046c26b54a403f9de621"
      url: "https://pub.dev"
    source: hosted
    version: "0.3.0"
  wakelock_web:
    dependency: transitive
    description:
      name: wakelock_web
      sha256: "1b256b811ee3f0834888efddfe03da8d18d0819317f20f6193e2922b41a501b5"
      url: "https://pub.dev"
    source: hosted
    version: "0.4.0"
  wakelock_windows:
    dependency: transitive
    description:
      name: wakelock_windows
      sha256: "857f77b3fe6ae82dd045455baa626bc4b93cb9bb6c86bf3f27c182167c3a5567"
      url: "https://pub.dev"
    source: hosted
    version: "0.2.1"
  win32:
    dependency: "direct overridden"
    description:
      name: win32
      sha256: "5a751eddf9db89b3e5f9d50c20ab8612296e4e8db69009788d6c8b060a84191c"
      url: "https://pub.dev"
    source: hosted
    version: "4.1.4"
  xdg_directories:
    dependency: transitive
    description:
      name: xdg_directories
      sha256: bd512f03919aac5f1313eb8249f223bacf4927031bf60b02601f81f687689e86
      url: "https://pub.dev"
    source: hosted
    version: "0.2.0+3"
sdks:
  dart: ">=3.0.0-0 <4.0.0"
  flutter: ">=3.7.0-0"
