# Generated by pub
# See https://dart.dev/tools/pub/glossary#lockfile
packages:
  animations:
    dependency: "direct main"
    description:
      name: animations
      url: "https://pub.dartlang.org"
    source: hosted
    version: "2.0.0"
  apk_installer:
    dependency: "direct main"
    description:
      path: "."
      ref: main
      resolved-ref: "3f289e07d39c6638e2ad4a5a251b6258b82b9d32"
      url: "https://github.com/SongTube/apk_installer"
    source: git
    version: "0.0.1"
  archive:
    dependency: transitive
    description:
      name: archive
      url: "https://pub.dartlang.org"
    source: hosted
    version: "3.1.2"
  args:
    dependency: transitive
    description:
      name: args
      url: "https://pub.dartlang.org"
    source: hosted
    version: "2.1.1"
  async:
    dependency: transitive
    description:
      name: async
      url: "https://pub.dartlang.org"
    source: hosted
    version: "2.6.1"
  audio_service:
    dependency: "direct main"
    description:
      name: audio_service
      url: "https://pub.dartlang.org"
    source: hosted
    version: "0.17.1"
  audio_session:
    dependency: transitive
    description:
      name: audio_session
      url: "https://pub.dartlang.org"
    source: hosted
    version: "0.1.2"
  autolist:
    dependency: "direct main"
    description:
      path: "."
      ref: master
      resolved-ref: ee091bc528e97995dc587971e6048913ee1bce6d
      url: "git://github.com/SongTube/autolist.git"
    source: git
    version: "0.1.0+2"
  avatar_glow:
    dependency: "direct main"
    description:
      name: avatar_glow
      url: "https://pub.dartlang.org"
    source: hosted
    version: "2.0.1"
  boolean_selector:
    dependency: transitive
    description:
      name: boolean_selector
      url: "https://pub.dartlang.org"
    source: hosted
    version: "2.1.0"
  characters:
    dependency: transitive
    description:
      name: characters
      url: "https://pub.dartlang.org"
    source: hosted
    version: "1.1.0"
  charcode:
    dependency: transitive
    description:
      name: charcode
      url: "https://pub.dartlang.org"
    source: hosted
    version: "1.2.0"
  clock:
    dependency: transitive
    description:
      name: clock
      url: "https://pub.dartlang.org"
    source: hosted
    version: "1.1.0"
  collection:
    dependency: transitive
    description:
      name: collection
      url: "https://pub.dartlang.org"
    source: hosted
    version: "1.15.0"
  crypto:
    dependency: transitive
    description:
      name: crypto
      url: "https://pub.dartlang.org"
    source: hosted
    version: "3.0.1"
  csslib:
    dependency: transitive
    description:
      name: csslib
      url: "https://pub.dartlang.org"
    source: hosted
    version: "0.15.0"
  device_info:
    dependency: "direct main"
    description:
      name: device_info
      url: "https://pub.dartlang.org"
    source: hosted
    version: "2.0.2"
  device_info_platform_interface:
    dependency: transitive
    description:
      name: device_info_platform_interface
      url: "https://pub.dartlang.org"
    source: hosted
    version: "2.0.0"
  dio:
    dependency: "direct main"
    description:
      name: dio
      url: "https://pub.dartlang.org"
    source: hosted
    version: "4.0.0"
  eva_icons_flutter:
    dependency: "direct main"
    description:
      name: eva_icons_flutter
      url: "https://pub.dartlang.org"
    source: hosted
    version: "3.0.0"
  ext_storage:
    dependency: "direct main"
    description:
      name: ext_storage
      url: "https://pub.dartlang.org"
    source: hosted
    version: "1.0.3"
  fake_async:
    dependency: transitive
    description:
      name: fake_async
      url: "https://pub.dartlang.org"
    source: hosted
    version: "1.2.0"
  ffi:
    dependency: transitive
    description:
      name: ffi
      url: "https://pub.dartlang.org"
    source: hosted
    version: "1.1.2"
  file:
    dependency: transitive
    description:
      name: file
      url: "https://pub.dartlang.org"
    source: hosted
    version: "6.1.1"
  file_operations:
    dependency: "direct main"
    description:
      path: "."
      ref: main
      resolved-ref: "64cf0a99ccce683237d9ee211453f6fcb588d56e"
      url: "https://github.com/SongTube/file_operations"
    source: git
    version: "0.0.1"
  file_picker:
    dependency: "direct main"
    description:
      name: file_picker
      url: "https://pub.dartlang.org"
    source: hosted
    version: "3.0.2+2"
  flutter:
    dependency: "direct main"
    description: flutter
    source: sdk
    version: "0.0.0"
  flutter_audio_query:
    dependency: "direct main"
    description:
      path: "."
      ref: master
      resolved-ref: "9cd3ce1ba71d3cdaf455ea0a1d6fa70ef29fba7a"
      url: "https://github.com/harshmandan/flutter_audio_query"
    source: git
    version: "0.3.5+6"
  flutter_cache_manager:
    dependency: transitive
    description:
      name: flutter_cache_manager
      url: "https://pub.dartlang.org"
    source: hosted
    version: "3.1.1"
  flutter_ffmpeg:
    dependency: "direct main"
    description:
      path: "."
      ref: master
      resolved-ref: ca13e45180a8c3e32fd728a625c64b156e275797
      url: "https://github.com/SongTube/flutter-ffmpeg"
    source: git
    version: "0.3.1"
  flutter_glow:
    dependency: "direct main"
    description:
      name: flutter_glow
      url: "https://pub.dartlang.org"
    source: hosted
    version: "0.2.0"
  flutter_html:
    dependency: "direct main"
    description:
      name: flutter_html
      url: "https://pub.dartlang.org"
    source: hosted
    version: "0.9.6"
  flutter_inappwebview:
    dependency: "direct main"
    description:
      name: flutter_inappwebview
      url: "https://pub.dartlang.org"
    source: hosted
    version: "5.3.2"
  flutter_isolate:
    dependency: transitive
    description:
      name: flutter_isolate
      url: "https://pub.dartlang.org"
    source: hosted
    version: "2.0.0"
  flutter_keyboard_visibility:
    dependency: "direct main"
    description:
      name: flutter_keyboard_visibility
      url: "https://pub.dartlang.org"
    source: hosted
    version: "5.0.2"
  flutter_keyboard_visibility_platform_interface:
    dependency: transitive
    description:
      name: flutter_keyboard_visibility_platform_interface
      url: "https://pub.dartlang.org"
    source: hosted
    version: "2.0.0"
  flutter_keyboard_visibility_web:
    dependency: transitive
    description:
      name: flutter_keyboard_visibility_web
      url: "https://pub.dartlang.org"
    source: hosted
    version: "2.0.0"
  flutter_localizations:
    dependency: "direct main"
    description: flutter
    source: sdk
    version: "0.0.0"
  flutter_markdown:
    dependency: "direct main"
    description:
      name: flutter_markdown
      url: "https://pub.dartlang.org"
    source: hosted
    version: "0.6.2"
  flutter_material_color_picker:
    dependency: "direct main"
    description:
      name: flutter_material_color_picker
      url: "https://pub.dartlang.org"
    source: hosted
    version: "1.0.5"
  flutter_pip:
    dependency: "direct main"
    description:
      path: "."
      ref: main
      resolved-ref: "39f25dfe89a700e3b6f63e9575994811cbf9e62a"
      url: "https://github.com/Artx-II/flutter_pip"
    source: git
    version: "0.0.1"
  flutter_plugin_android_lifecycle:
    dependency: transitive
    description:
      name: flutter_plugin_android_lifecycle
      url: "https://pub.dartlang.org"
    source: hosted
    version: "2.0.2"
  flutter_screen:
    dependency: "direct main"
    description:
      name: flutter_screen
      url: "https://pub.dartlang.org"
    source: hosted
    version: "0.0.2"
  flutter_staggered_grid_view:
    dependency: "direct main"
    description:
      name: flutter_staggered_grid_view
      url: "https://pub.dartlang.org"
    source: hosted
    version: "0.4.0"
  flutter_test:
    dependency: transitive
    description: flutter
    source: sdk
    version: "0.0.0"
  flutter_web_plugins:
    dependency: transitive
    description: flutter
    source: sdk
    version: "0.0.0"
  flutter_xlider:
    dependency: "direct main"
    description:
      name: flutter_xlider
      url: "https://pub.dartlang.org"
    source: hosted
    version: "3.4.0"
  grouped_list:
    dependency: "direct main"
    description:
      name: grouped_list
      url: "https://pub.dartlang.org"
    source: hosted
    version: "4.0.0"
  html:
    dependency: transitive
    description:
      name: html
      url: "https://pub.dartlang.org"
    source: hosted
    version: "0.13.4+2"
  http:
    dependency: "direct main"
    description:
      name: http
      url: "https://pub.dartlang.org"
    source: hosted
    version: "0.13.3"
  http_parser:
    dependency: transitive
    description:
      name: http_parser
      url: "https://pub.dartlang.org"
    source: hosted
    version: "4.0.0"
  image:
    dependency: transitive
    description:
      name: image
      url: "https://pub.dartlang.org"
    source: hosted
    version: "3.0.2"
  image_fade:
    dependency: "direct main"
    description:
      name: image_fade
      url: "https://pub.dartlang.org"
    source: hosted
    version: "0.2.1"
  intl:
    dependency: "direct main"
    description:
      name: intl
      url: "https://pub.dartlang.org"
    source: hosted
    version: "0.17.0"
  js:
    dependency: transitive
    description:
      name: js
      url: "https://pub.dartlang.org"
    source: hosted
    version: "0.6.3"
  just_audio:
    dependency: "direct main"
    description:
      name: just_audio
      url: "https://pub.dartlang.org"
    source: hosted
    version: "0.7.5"
  just_audio_platform_interface:
    dependency: transitive
    description:
      name: just_audio_platform_interface
      url: "https://pub.dartlang.org"
    source: hosted
    version: "3.0.0"
  just_audio_web:
    dependency: transitive
    description:
      name: just_audio_web
      url: "https://pub.dartlang.org"
    source: hosted
    version: "0.3.1"
  loading_indicator:
    dependency: "direct main"
    description:
      name: loading_indicator
      url: "https://pub.dartlang.org"
    source: hosted
    version: "2.1.1"
  markdown:
    dependency: transitive
    description:
      name: markdown
      url: "https://pub.dartlang.org"
    source: hosted
    version: "4.0.0"
  matcher:
    dependency: transitive
    description:
      name: matcher
      url: "https://pub.dartlang.org"
    source: hosted
    version: "0.12.10"
  material_design_icons_flutter:
    dependency: "direct main"
    description:
      name: material_design_icons_flutter
      url: "https://pub.dartlang.org"
    source: hosted
    version: "4.0.5955"
  md2_tab_indicator:
    dependency: "direct main"
    description:
      name: md2_tab_indicator
      url: "https://pub.dartlang.org"
    source: hosted
    version: "1.0.2"
  meta:
    dependency: transitive
    description:
      name: meta
      url: "https://pub.dartlang.org"
    source: hosted
    version: "1.3.0"
  mime:
    dependency: transitive
    description:
      name: mime
      url: "https://pub.dartlang.org"
    source: hosted
    version: "1.0.0"
  nested:
    dependency: transitive
    description:
      name: nested
      url: "https://pub.dartlang.org"
    source: hosted
    version: "1.0.0"
  newpipeextractor_dart:
    dependency: "direct main"
    description:
      path: "."
      ref: master
      resolved-ref: d87ac1240d2281af7390c2173993b70965117222
      url: "https://github.com/SongTube/newpipeextractor_dart"
    source: git
    version: "0.0.1"
  package_info:
    dependency: "direct main"
    description:
      name: package_info
      url: "https://pub.dartlang.org"
    source: hosted
    version: "2.0.2"
  palette_generator:
    dependency: "direct main"
    description:
      name: palette_generator
      url: "https://pub.dartlang.org"
    source: hosted
    version: "0.3.0"
  path:
    dependency: "direct main"
    description:
      name: path
      url: "https://pub.dartlang.org"
    source: hosted
    version: "1.8.0"
  path_provider:
    dependency: "direct main"
    description:
      name: path_provider
      url: "https://pub.dartlang.org"
    source: hosted
    version: "2.0.2"
  path_provider_linux:
    dependency: transitive
    description:
      name: path_provider_linux
      url: "https://pub.dartlang.org"
    source: hosted
    version: "2.0.0"
  path_provider_macos:
    dependency: transitive
    description:
      name: path_provider_macos
      url: "https://pub.dartlang.org"
    source: hosted
    version: "2.0.0"
  path_provider_platform_interface:
    dependency: transitive
    description:
      name: path_provider_platform_interface
      url: "https://pub.dartlang.org"
    source: hosted
    version: "2.0.1"
  path_provider_windows:
    dependency: transitive
    description:
      name: path_provider_windows
      url: "https://pub.dartlang.org"
    source: hosted
    version: "2.0.1"
  pedantic:
    dependency: transitive
    description:
      name: pedantic
      url: "https://pub.dartlang.org"
    source: hosted
    version: "1.11.0"
  permission_handler:
    dependency: "direct main"
    description:
      name: permission_handler
      url: "https://pub.dartlang.org"
    source: hosted
    version: "8.0.1"
  permission_handler_platform_interface:
    dependency: transitive
    description:
      name: permission_handler_platform_interface
      url: "https://pub.dartlang.org"
    source: hosted
    version: "3.5.1"
  petitparser:
    dependency: transitive
    description:
      name: petitparser
      url: "https://pub.dartlang.org"
    source: hosted
    version: "4.1.0"
  platform:
    dependency: transitive
    description:
      name: platform
      url: "https://pub.dartlang.org"
    source: hosted
    version: "3.0.0"
  plugin_platform_interface:
    dependency: transitive
    description:
      name: plugin_platform_interface
      url: "https://pub.dartlang.org"
    source: hosted
    version: "2.0.0"
  process:
    dependency: transitive
    description:
      name: process
      url: "https://pub.dartlang.org"
    source: hosted
    version: "4.2.1"
  provider:
    dependency: "direct main"
    description:
      name: provider
      url: "https://pub.dartlang.org"
    source: hosted
    version: "5.0.0"
  rxdart:
    dependency: transitive
    description:
      name: rxdart
      url: "https://pub.dartlang.org"
    source: hosted
    version: "0.27.1"
  share:
    dependency: "direct main"
    description:
      name: share
      url: "https://pub.dartlang.org"
    source: hosted
    version: "2.0.4"
  shared_preferences:
    dependency: "direct main"
    description:
      name: shared_preferences
      url: "https://pub.dartlang.org"
    source: hosted
    version: "2.0.6"
  shared_preferences_linux:
    dependency: transitive
    description:
      name: shared_preferences_linux
      url: "https://pub.dartlang.org"
    source: hosted
    version: "2.0.0"
  shared_preferences_macos:
    dependency: transitive
    description:
      name: shared_preferences_macos
      url: "https://pub.dartlang.org"
    source: hosted
    version: "2.0.0"
  shared_preferences_platform_interface:
    dependency: transitive
    description:
      name: shared_preferences_platform_interface
      url: "https://pub.dartlang.org"
    source: hosted
    version: "2.0.0"
  shared_preferences_web:
    dependency: transitive
    description:
      name: shared_preferences_web
      url: "https://pub.dartlang.org"
    source: hosted
    version: "2.0.0"
  shared_preferences_windows:
    dependency: transitive
    description:
      name: shared_preferences_windows
      url: "https://pub.dartlang.org"
    source: hosted
    version: "2.0.0"
  shimmer:
    dependency: "direct main"
    description:
      name: shimmer
      url: "https://pub.dartlang.org"
    source: hosted
    version: "2.0.0"
  sky_engine:
    dependency: transitive
    description: flutter
    source: sdk
    version: "0.0.99"
  source_span:
    dependency: transitive
    description:
      name: source_span
      url: "https://pub.dartlang.org"
    source: hosted
    version: "1.8.1"
  sqflite:
    dependency: "direct main"
    description:
      name: sqflite
      url: "https://pub.dartlang.org"
    source: hosted
    version: "2.0.0+3"
  sqflite_common:
    dependency: transitive
    description:
      name: sqflite_common
      url: "https://pub.dartlang.org"
    source: hosted
    version: "2.0.0+2"
  stack_trace:
    dependency: transitive
    description:
      name: stack_trace
      url: "https://pub.dartlang.org"
    source: hosted
    version: "1.10.0"
  stream_channel:
    dependency: transitive
    description:
      name: stream_channel
      url: "https://pub.dartlang.org"
    source: hosted
    version: "2.1.0"
  string_scanner:
    dependency: transitive
    description:
      name: string_scanner
      url: "https://pub.dartlang.org"
    source: hosted
    version: "1.1.0"
  string_validator:
    dependency: "direct main"
    description:
      name: string_validator
      url: "https://pub.dartlang.org"
    source: hosted
    version: "0.3.0"
  synchronized:
    dependency: transitive
    description:
      name: synchronized
      url: "https://pub.dartlang.org"
    source: hosted
    version: "3.0.0"
  system_shortcuts:
    dependency: transitive
    description:
      name: system_shortcuts
      url: "https://pub.dartlang.org"
    source: hosted
    version: "1.0.0"
  term_glyph:
    dependency: transitive
    description:
      name: term_glyph
      url: "https://pub.dartlang.org"
    source: hosted
    version: "1.2.0"
  test_api:
    dependency: transitive
    description:
      name: test_api
      url: "https://pub.dartlang.org"
    source: hosted
    version: "0.3.0"
  transparent_image:
    dependency: "direct main"
    description:
      name: transparent_image
      url: "https://pub.dartlang.org"
    source: hosted
    version: "2.0.0"
  typed_data:
    dependency: transitive
    description:
      name: typed_data
      url: "https://pub.dartlang.org"
    source: hosted
    version: "1.3.0"
  url_launcher:
    dependency: "direct main"
    description:
      name: url_launcher
      url: "https://pub.dartlang.org"
    source: hosted
    version: "6.0.6"
  url_launcher_linux:
    dependency: transitive
    description:
      name: url_launcher_linux
      url: "https://pub.dartlang.org"
    source: hosted
    version: "2.0.0"
  url_launcher_macos:
    dependency: transitive
    description:
      name: url_launcher_macos
      url: "https://pub.dartlang.org"
    source: hosted
    version: "2.0.0"
  url_launcher_platform_interface:
    dependency: transitive
    description:
      name: url_launcher_platform_interface
      url: "https://pub.dartlang.org"
    source: hosted
    version: "2.0.3"
  url_launcher_web:
    dependency: transitive
    description:
      name: url_launcher_web
      url: "https://pub.dartlang.org"
    source: hosted
    version: "2.0.1"
  url_launcher_windows:
    dependency: transitive
    description:
      name: url_launcher_windows
      url: "https://pub.dartlang.org"
    source: hosted
    version: "2.0.0"
  utf:
    dependency: transitive
    description:
      name: utf
      url: "https://pub.dartlang.org"
    source: hosted
    version: "0.9.0+5"
  uuid:
    dependency: transitive
    description:
      name: uuid
      url: "https://pub.dartlang.org"
    source: hosted
    version: "3.0.4"
  vector_math:
    dependency: transitive
    description:
      name: vector_math
      url: "https://pub.dartlang.org"
    source: hosted
    version: "2.1.0"
  video_player:
    dependency: "direct main"
    description:
      path: "packages/video_player/video_player"
      ref: master
      resolved-ref: c11cb0dada5802b377f27b7239c43584696fd334
      url: "https://github.com/SongTube/plugins"
    source: git
    version: "2.0.0"
  video_player_platform_interface:
    dependency: transitive
    description:
      path: "packages/video_player/video_player_platform_interface"
      ref: master
      resolved-ref: c11cb0dada5802b377f27b7239c43584696fd334
      url: "https://github.com/SongTube/plugins"
    source: git
    version: "4.0.0"
  volume:
    dependency: "direct main"
    description:
      name: volume
      url: "https://pub.dartlang.org"
    source: hosted
    version: "1.0.1"
  win32:
    dependency: transitive
    description:
      name: win32
      url: "https://pub.dartlang.org"
    source: hosted
    version: "2.1.3"
  xdg_directories:
    dependency: transitive
    description:
      name: xdg_directories
      url: "https://pub.dartlang.org"
    source: hosted
    version: "0.2.0"
  xml:
    dependency: transitive
    description:
      name: xml
      url: "https://pub.dartlang.org"
    source: hosted
    version: "5.1.2"
sdks:
  dart: ">=2.13.0 <3.0.0"
  flutter: ">=2.0.0"
  share: ">=0.6.4+3 <2.0.0"
  shared_preferences: ">=0.5.7+3 <2.0.0"
